
Microsoft Visual Studio Solution File, Format Version 12.00
# Visual Studio Version 16
VisualStudioVersion = 16.0.30320.27
MinimumVisualStudioVersion = 10.0.40219.1
Project("{8BC9CEB8-8B4A-11D0-8D11-00A0C91BC942}") = "zavd2", "zavd2.vcxproj", "{BC41B768-6A4F-412B-81DF-06CA1974A172}"
EndProject
Global
	GlobalSection(SolutionConfigurationPlatforms) = preSolution
		Debug|x64 = Debug|x64
		Debug|x86 = Debug|x86
		Release|x64 = Release|x64
		Release|x86 = Release|x86
	EndGlobalSection
	GlobalSection(ProjectConfigurationPlatforms) = postSolution
		{BC41B768-6A4F-412B-81DF-06CA1974A172}.Debug|x64.ActiveCfg = Debug|x64
		{BC41B768-6A4F-412B-81DF-06CA1974A172}.Debug|x64.Build.0 = Debug|x64
		{BC41B768-6A4F-412B-81DF-06CA1974A172}.Debug|x86.ActiveCfg = Debug|Win32
		{BC41B768-6A4F-412B-81DF-06CA1974A172}.Debug|x86.Build.0 = Debug|Win32
		{BC41B768-6A4F-412B-81DF-06CA1974A172}.Release|x64.ActiveCfg = Release|x64
		{BC41B768-6A4F-412B-81DF-06CA1974A172}.Release|x64.Build.0 = Release|x64
		{BC41B768-6A4F-412B-81DF-06CA1974A172}.Release|x86.ActiveCfg = Release|Win32
		{BC41B768-6A4F-412B-81DF-06CA1974A172}.Release|x86.Build.0 = Release|Win32
	EndGlobalSection
	GlobalSection(SolutionProperties) = preSolution
		HideSolutionNode = FALSE
	EndGlobalSection
	GlobalSection(ExtensibilityGlobals) = postSolution
		SolutionGuid = {2BDCF2A6-4A84-46E6-87DC-00B7E4A978DD}
	EndGlobalSection
EndGlobal
